
Microsoft Visual Studio Solution File, Format Version 12.00
# Visual Studio Version 16
VisualStudioVersion = 16.0.30523.141
MinimumVisualStudioVersion = 10.0.40219.1
Project("{FAE04EC0-301F-11D3-BF4B-00C04F79EFBC}") = "WpfApp1", "WpfApp1\WpfApp1.csproj", "{59592AAC-B3DF-474A-AE19-1B7767856CBB}"
EndProject
Global
	GlobalSection(SolutionConfigurationPlatforms) = preSolution
		Debug|Any CPU = Debug|Any CPU
		Release|Any CPU = Release|Any CPU
	EndGlobalSection
	GlobalSection(ProjectConfigurationPlatforms) = postSolution
		{59592AAC-B3DF-474A-AE19-1B7767856CBB}.Debug|Any CPU.ActiveCfg = Debug|Any CPU
		{59592AAC-B3DF-474A-AE19-1B7767856CBB}.Debug|Any CPU.Build.0 = Debug|Any CPU
		{59592AAC-B3DF-474A-AE19-1B7767856CBB}.Release|Any CPU.ActiveCfg = Release|Any CPU
		{59592AAC-B3DF-474A-AE19-1B7767856CBB}.Release|Any CPU.Build.0 = Release|Any CPU
	EndGlobalSection
	GlobalSection(SolutionProperties) = preSolution
		HideSolutionNode = FALSE
	EndGlobalSection
	GlobalSection(ExtensibilityGlobals) = postSolution
		SolutionGuid = {39C97270-C103-4A78-A5BA-9C24E3D3202C}
	EndGlobalSection
EndGlobal
